// !$*UTF8*$!
{
	archiveVersion = 1;
	classes = {
	};
	objectVersion = 55;
	objects = {

/* Begin PBXBuildFile section */
		CE18628928535FC40053956D /* Int+Ext.swift in Sources */ = {isa = PBXBuildFile; fileRef = CE18628828535FC40053956D /* Int+Ext.swift */; };
		CE37890F2859F33800348403 /* AlertVC.swift in Sources */ = {isa = PBXBuildFile; fileRef = CE37890D2859F33800348403 /* AlertVC.swift */; };
		CE3789102859F33800348403 /* AlertVC.xib in Resources */ = {isa = PBXBuildFile; fileRef = CE37890E2859F33800348403 /* AlertVC.xib */; };
		CE378913285A032800348403 /* InfoPlist.strings in Resources */ = {isa = PBXBuildFile; fileRef = CE378915285A032800348403 /* InfoPlist.strings */; };
		CE378919285A058D00348403 /* Localizable.strings in Resources */ = {isa = PBXBuildFile; fileRef = CE37891B285A058D00348403 /* Localizable.strings */; };
		CE5F3B1F2850D99B00ECBE0C /* TimeWeatherCell.swift in Sources */ = {isa = PBXBuildFile; fileRef = CE5F3B1D2850D99B00ECBE0C /* TimeWeatherCell.swift */; };
		CE5F3B202850D99B00ECBE0C /* TimeWeatherCell.xib in Resources */ = {isa = PBXBuildFile; fileRef = CE5F3B1E2850D99B00ECBE0C /* TimeWeatherCell.xib */; };
		CE5F3B252850DC9700ECBE0C /* DayWeatherCell.swift in Sources */ = {isa = PBXBuildFile; fileRef = CE5F3B232850DC9700ECBE0C /* DayWeatherCell.swift */; };
		CE5F3B262850DC9700ECBE0C /* DayWeatherCell.xib in Resources */ = {isa = PBXBuildFile; fileRef = CE5F3B242850DC9700ECBE0C /* DayWeatherCell.xib */; };
		CE84A1D82855BF6A006FD521 /* PlaceSearchManager.swift in Sources */ = {isa = PBXBuildFile; fileRef = CE84A1D72855BF6A006FD521 /* PlaceSearchManager.swift */; };
		CE84A1DA2855C187006FD521 /* City.swift in Sources */ = {isa = PBXBuildFile; fileRef = CE84A1D92855C187006FD521 /* City.swift */; };
		CE84A1DF2855D28B006FD521 /* CitySearchCell.swift in Sources */ = {isa = PBXBuildFile; fileRef = CE84A1DD2855D28B006FD521 /* CitySearchCell.swift */; };
		CE84A1E42855EC06006FD521 /* CitySearchCell.xib in Resources */ = {isa = PBXBuildFile; fileRef = CE84A1E32855EC06006FD521 /* CitySearchCell.xib */; };
		CE84A1E62855EFEE006FD521 /* UIViewController+Ext.swift in Sources */ = {isa = PBXBuildFile; fileRef = CE84A1E52855EFEE006FD521 /* UIViewController+Ext.swift */; };
		CE86E9612850AE4500992643 /* AppDelegate.swift in Sources */ = {isa = PBXBuildFile; fileRef = CE86E9602850AE4500992643 /* AppDelegate.swift */; };
		CE86E9632850AE4500992643 /* SceneDelegate.swift in Sources */ = {isa = PBXBuildFile; fileRef = CE86E9622850AE4500992643 /* SceneDelegate.swift */; };
		CE86E9652850AE4500992643 /* ViewController.swift in Sources */ = {isa = PBXBuildFile; fileRef = CE86E9642850AE4500992643 /* ViewController.swift */; };
		CE86E9682850AE4500992643 /* Main.storyboard in Resources */ = {isa = PBXBuildFile; fileRef = CE86E9662850AE4500992643 /* Main.storyboard */; };
		CE86E96A2850AE4700992643 /* Assets.xcassets in Resources */ = {isa = PBXBuildFile; fileRef = CE86E9692850AE4700992643 /* Assets.xcassets */; };
		CE86E96D2850AE4700992643 /* LaunchScreen.storyboard in Resources */ = {isa = PBXBuildFile; fileRef = CE86E96B2850AE4700992643 /* LaunchScreen.storyboard */; };
		CEAC92AF2851C677002444AB /* SearchVC.swift in Sources */ = {isa = PBXBuildFile; fileRef = CEAC92AE2851C677002444AB /* SearchVC.swift */; };
		CEAC92B22851D8BB002444AB /* AppColor.swift in Sources */ = {isa = PBXBuildFile; fileRef = CEAC92B12851D8BB002444AB /* AppColor.swift */; };
		CEF711B828520E3E009A4B74 /* WeatherManager.swift in Sources */ = {isa = PBXBuildFile; fileRef = CEF711B728520E3E009A4B74 /* WeatherManager.swift */; };
		CEF711BA285212B5009A4B74 /* ErrorMessage.swift in Sources */ = {isa = PBXBuildFile; fileRef = CEF711B9285212B5009A4B74 /* ErrorMessage.swift */; };
		CEF711BD2852142F009A4B74 /* WeatherData.swift in Sources */ = {isa = PBXBuildFile; fileRef = CEF711BC2852142F009A4B74 /* WeatherData.swift */; };
		CEF711C028523D7A009A4B74 /* Date+Ext.swift in Sources */ = {isa = PBXBuildFile; fileRef = CEF711BF28523D7A009A4B74 /* Date+Ext.swift */; };
		CEF711C2285240DC009A4B74 /* LocationManager.swift in Sources */ = {isa = PBXBuildFile; fileRef = CEF711C1285240DC009A4B74 /* LocationManager.swift */; };
/* End PBXBuildFile section */

/* Begin PBXFileReference section */
		CE035FEF285872660078EB72 /* ru */ = {isa = PBXFileReference; lastKnownFileType = text.plist.strings; name = ru; path = ru.lproj/Main.strings; sourceTree = "<group>"; };
		CE035FF0285874030078EB72 /* uk */ = {isa = PBXFileReference; lastKnownFileType = text.plist.strings; name = uk; path = uk.lproj/Main.strings; sourceTree = "<group>"; };
		CE18628828535FC40053956D /* Int+Ext.swift */ = {isa = PBXFileReference; lastKnownFileType = sourcecode.swift; path = "Int+Ext.swift"; sourceTree = "<group>"; };
		CE37890D2859F33800348403 /* AlertVC.swift */ = {isa = PBXFileReference; lastKnownFileType = sourcecode.swift; path = AlertVC.swift; sourceTree = "<group>"; };
		CE37890E2859F33800348403 /* AlertVC.xib */ = {isa = PBXFileReference; lastKnownFileType = file.xib; path = AlertVC.xib; sourceTree = "<group>"; };
		CE378914285A032800348403 /* ru */ = {isa = PBXFileReference; lastKnownFileType = text.plist.strings; name = ru; path = ru.lproj/InfoPlist.strings; sourceTree = "<group>"; };
		CE378916285A032A00348403 /* uk */ = {isa = PBXFileReference; lastKnownFileType = text.plist.strings; name = uk; path = uk.lproj/InfoPlist.strings; sourceTree = "<group>"; };
		CE37891A285A058D00348403 /* ru */ = {isa = PBXFileReference; lastKnownFileType = text.plist.strings; name = ru; path = ru.lproj/Localizable.strings; sourceTree = "<group>"; };
		CE37891C285A058F00348403 /* en */ = {isa = PBXFileReference; lastKnownFileType = text.plist.strings; name = en; path = en.lproj/Localizable.strings; sourceTree = "<group>"; };
		CE37891E285A0B2000348403 /* uk */ = {isa = PBXFileReference; lastKnownFileType = text.plist.strings; name = uk; path = uk.lproj/Localizable.strings; sourceTree = "<group>"; };
		CE5F3B1D2850D99B00ECBE0C /* TimeWeatherCell.swift */ = {isa = PBXFileReference; lastKnownFileType = sourcecode.swift; path = TimeWeatherCell.swift; sourceTree = "<group>"; };
		CE5F3B1E2850D99B00ECBE0C /* TimeWeatherCell.xib */ = {isa = PBXFileReference; lastKnownFileType = file.xib; path = TimeWeatherCell.xib; sourceTree = "<group>"; };
		CE5F3B232850DC9700ECBE0C /* DayWeatherCell.swift */ = {isa = PBXFileReference; lastKnownFileType = sourcecode.swift; path = DayWeatherCell.swift; sourceTree = "<group>"; };
		CE5F3B242850DC9700ECBE0C /* DayWeatherCell.xib */ = {isa = PBXFileReference; lastKnownFileType = file.xib; path = DayWeatherCell.xib; sourceTree = "<group>"; };
		CE80BF3E28589A8400F344F1 /* Info.plist */ = {isa = PBXFileReference; fileEncoding = 4; lastKnownFileType = text.plist.xml; path = Info.plist; sourceTree = "<group>"; };
		CE84A1D72855BF6A006FD521 /* PlaceSearchManager.swift */ = {isa = PBXFileReference; lastKnownFileType = sourcecode.swift; path = PlaceSearchManager.swift; sourceTree = "<group>"; };
		CE84A1D92855C187006FD521 /* City.swift */ = {isa = PBXFileReference; lastKnownFileType = sourcecode.swift; path = City.swift; sourceTree = "<group>"; };
		CE84A1DD2855D28B006FD521 /* CitySearchCell.swift */ = {isa = PBXFileReference; lastKnownFileType = sourcecode.swift; path = CitySearchCell.swift; sourceTree = "<group>"; };
		CE84A1E32855EC06006FD521 /* CitySearchCell.xib */ = {isa = PBXFileReference; lastKnownFileType = file.xib; path = CitySearchCell.xib; sourceTree = "<group>"; };
		CE84A1E52855EFEE006FD521 /* UIViewController+Ext.swift */ = {isa = PBXFileReference; lastKnownFileType = sourcecode.swift; path = "UIViewController+Ext.swift"; sourceTree = "<group>"; };
		CE86E95D2850AE4500992643 /* Weather.app */ = {isa = PBXFileReference; explicitFileType = wrapper.application; includeInIndex = 0; path = Weather.app; sourceTree = BUILT_PRODUCTS_DIR; };
		CE86E9602850AE4500992643 /* AppDelegate.swift */ = {isa = PBXFileReference; lastKnownFileType = sourcecode.swift; path = AppDelegate.swift; sourceTree = "<group>"; };
		CE86E9622850AE4500992643 /* SceneDelegate.swift */ = {isa = PBXFileReference; lastKnownFileType = sourcecode.swift; path = SceneDelegate.swift; sourceTree = "<group>"; };
		CE86E9642850AE4500992643 /* ViewController.swift */ = {isa = PBXFileReference; lastKnownFileType = sourcecode.swift; path = ViewController.swift; sourceTree = "<group>"; };
		CE86E9672850AE4500992643 /* Base */ = {isa = PBXFileReference; lastKnownFileType = file.storyboard; name = Base; path = Base.lproj/Main.storyboard; sourceTree = "<group>"; };
		CE86E9692850AE4700992643 /* Assets.xcassets */ = {isa = PBXFileReference; lastKnownFileType = folder.assetcatalog; path = Assets.xcassets; sourceTree = "<group>"; };
		CE86E96C2850AE4700992643 /* Base */ = {isa = PBXFileReference; lastKnownFileType = file.storyboard; name = Base; path = Base.lproj/LaunchScreen.storyboard; sourceTree = "<group>"; };
		CEAC92AE2851C677002444AB /* SearchVC.swift */ = {isa = PBXFileReference; lastKnownFileType = sourcecode.swift; path = SearchVC.swift; sourceTree = "<group>"; };
		CEAC92B12851D8BB002444AB /* AppColor.swift */ = {isa = PBXFileReference; lastKnownFileType = sourcecode.swift; path = AppColor.swift; sourceTree = "<group>"; };
		CEF711B728520E3E009A4B74 /* WeatherManager.swift */ = {isa = PBXFileReference; lastKnownFileType = sourcecode.swift; path = WeatherManager.swift; sourceTree = "<group>"; };
		CEF711B9285212B5009A4B74 /* ErrorMessage.swift */ = {isa = PBXFileReference; lastKnownFileType = sourcecode.swift; path = ErrorMessage.swift; sourceTree = "<group>"; };
		CEF711BC2852142F009A4B74 /* WeatherData.swift */ = {isa = PBXFileReference; lastKnownFileType = sourcecode.swift; path = WeatherData.swift; sourceTree = "<group>"; };
		CEF711BF28523D7A009A4B74 /* Date+Ext.swift */ = {isa = PBXFileReference; lastKnownFileType = sourcecode.swift; path = "Date+Ext.swift"; sourceTree = "<group>"; };
		CEF711C1285240DC009A4B74 /* LocationManager.swift */ = {isa = PBXFileReference; lastKnownFileType = sourcecode.swift; path = LocationManager.swift; sourceTree = "<group>"; };
/* End PBXFileReference section */

/* Begin PBXFrameworksBuildPhase section */
		CE86E95A2850AE4500992643 /* Frameworks */ = {
			isa = PBXFrameworksBuildPhase;
			buildActionMask = 2147483647;
			files = (
			);
			runOnlyForDeploymentPostprocessing = 0;
		};
/* End PBXFrameworksBuildPhase section */

/* Begin PBXGroup section */
		CE37890C2859F32100348403 /* Alerts */ = {
			isa = PBXGroup;
			children = (
				CE37890D2859F33800348403 /* AlertVC.swift */,
				CE37890E2859F33800348403 /* AlertVC.xib */,
			);
			path = Alerts;
			sourceTree = "<group>";
		};
		CE5F3B272850DE4E00ECBE0C /* Screens */ = {
			isa = PBXGroup;
			children = (
				CE86E9642850AE4500992643 /* ViewController.swift */,
				CEAC92AE2851C677002444AB /* SearchVC.swift */,
			);
			path = Screens;
			sourceTree = "<group>";
		};
		CE5F3B282850DE5800ECBE0C /* Support */ = {
			isa = PBXGroup;
			children = (
				CE86E96B2850AE4700992643 /* LaunchScreen.storyboard */,
				CE86E9622850AE4500992643 /* SceneDelegate.swift */,
				CE86E9692850AE4700992643 /* Assets.xcassets */,
				CE86E9602850AE4500992643 /* AppDelegate.swift */,
			);
			path = Support;
			sourceTree = "<group>";
		};
		CE5F3B292850DE6B00ECBE0C /* Custom Views */ = {
			isa = PBXGroup;
			children = (
				CE37890C2859F32100348403 /* Alerts */,
				CE5F3B2A2850DE7600ECBE0C /* Cells */,
			);
			path = "Custom Views";
			sourceTree = "<group>";
		};
		CE5F3B2A2850DE7600ECBE0C /* Cells */ = {
			isa = PBXGroup;
			children = (
				CE5F3B1D2850D99B00ECBE0C /* TimeWeatherCell.swift */,
				CE5F3B1E2850D99B00ECBE0C /* TimeWeatherCell.xib */,
				CE5F3B232850DC9700ECBE0C /* DayWeatherCell.swift */,
				CE5F3B242850DC9700ECBE0C /* DayWeatherCell.xib */,
				CE84A1DD2855D28B006FD521 /* CitySearchCell.swift */,
				CE84A1E32855EC06006FD521 /* CitySearchCell.xib */,
			);
			path = Cells;
			sourceTree = "<group>";
		};
		CE86E9542850AE4500992643 = {
			isa = PBXGroup;
			children = (
				CE86E95F2850AE4500992643 /* Weather */,
				CE86E95E2850AE4500992643 /* Products */,
			);
			sourceTree = "<group>";
		};
		CE86E95E2850AE4500992643 /* Products */ = {
			isa = PBXGroup;
			children = (
				CE86E95D2850AE4500992643 /* Weather.app */,
			);
			name = Products;
			sourceTree = "<group>";
		};
		CE86E95F2850AE4500992643 /* Weather */ = {
			isa = PBXGroup;
			children = (
				CE5F3B282850DE5800ECBE0C /* Support */,
				CEF711BE28523BC8009A4B74 /* Extensions */,
				CEF711B628520E2F009A4B74 /* Managers */,
				CEAC92B02851D8A9002444AB /* Utilities */,
				CE5F3B292850DE6B00ECBE0C /* Custom Views */,
				CEF711BB285212FA009A4B74 /* Model */,
				CE5F3B272850DE4E00ECBE0C /* Screens */,
				CE86E9662850AE4500992643 /* Main.storyboard */,
				CE80BF3E28589A8400F344F1 /* Info.plist */,
				CE37891B285A058D00348403 /* Localizable.strings */,
				CE378915285A032800348403 /* InfoPlist.strings */,
			);
			path = Weather;
			sourceTree = "<group>";
		};
		CEAC92B02851D8A9002444AB /* Utilities */ = {
			isa = PBXGroup;
			children = (
				CEAC92B12851D8BB002444AB /* AppColor.swift */,
				CEF711B9285212B5009A4B74 /* ErrorMessage.swift */,
			);
			path = Utilities;
			sourceTree = "<group>";
		};
		CEF711B628520E2F009A4B74 /* Managers */ = {
			isa = PBXGroup;
			children = (
				CEF711B728520E3E009A4B74 /* WeatherManager.swift */,
				CEF711C1285240DC009A4B74 /* LocationManager.swift */,
				CE84A1D72855BF6A006FD521 /* PlaceSearchManager.swift */,
			);
			path = Managers;
			sourceTree = "<group>";
		};
		CEF711BB285212FA009A4B74 /* Model */ = {
			isa = PBXGroup;
			children = (
				CEF711BC2852142F009A4B74 /* WeatherData.swift */,
				CE84A1D92855C187006FD521 /* City.swift */,
			);
			path = Model;
			sourceTree = "<group>";
		};
		CEF711BE28523BC8009A4B74 /* Extensions */ = {
			isa = PBXGroup;
			children = (
				CEF711BF28523D7A009A4B74 /* Date+Ext.swift */,
				CE18628828535FC40053956D /* Int+Ext.swift */,
				CE84A1E52855EFEE006FD521 /* UIViewController+Ext.swift */,
			);
			path = Extensions;
			sourceTree = "<group>";
		};
/* End PBXGroup section */

/* Begin PBXNativeTarget section */
		CE86E95C2850AE4500992643 /* Weather */ = {
			isa = PBXNativeTarget;
			buildConfigurationList = CE86E9712850AE4700992643 /* Build configuration list for PBXNativeTarget "Weather" */;
			buildPhases = (
				CE86E9592850AE4500992643 /* Sources */,
				CE86E95A2850AE4500992643 /* Frameworks */,
				CE86E95B2850AE4500992643 /* Resources */,
			);
			buildRules = (
			);
			dependencies = (
			);
			name = Weather;
			productName = Weather;
			productReference = CE86E95D2850AE4500992643 /* Weather.app */;
			productType = "com.apple.product-type.application";
		};
/* End PBXNativeTarget section */

/* Begin PBXProject section */
		CE86E9552850AE4500992643 /* Project object */ = {
			isa = PBXProject;
			attributes = {
				BuildIndependentTargetsInParallel = 1;
				LastSwiftUpdateCheck = 1340;
				LastUpgradeCheck = 1340;
				TargetAttributes = {
					CE86E95C2850AE4500992643 = {
						CreatedOnToolsVersion = 13.4.1;
					};
				};
			};
			buildConfigurationList = CE86E9582850AE4500992643 /* Build configuration list for PBXProject "Weather" */;
			compatibilityVersion = "Xcode 13.0";
			developmentRegion = en;
			hasScannedForEncodings = 0;
			knownRegions = (
				en,
				Base,
				ru,
				uk,
			);
			mainGroup = CE86E9542850AE4500992643;
			productRefGroup = CE86E95E2850AE4500992643 /* Products */;
			projectDirPath = "";
			projectRoot = "";
			targets = (
				CE86E95C2850AE4500992643 /* Weather */,
			);
		};
/* End PBXProject section */

/* Begin PBXResourcesBuildPhase section */
		CE86E95B2850AE4500992643 /* Resources */ = {
			isa = PBXResourcesBuildPhase;
			buildActionMask = 2147483647;
			files = (
				CE86E96D2850AE4700992643 /* LaunchScreen.storyboard in Resources */,
				CE378913285A032800348403 /* InfoPlist.strings in Resources */,
				CE5F3B262850DC9700ECBE0C /* DayWeatherCell.xib in Resources */,
				CE86E96A2850AE4700992643 /* Assets.xcassets in Resources */,
				CE378919285A058D00348403 /* Localizable.strings in Resources */,
				CE86E9682850AE4500992643 /* Main.storyboard in Resources */,
				CE84A1E42855EC06006FD521 /* CitySearchCell.xib in Resources */,
				CE5F3B202850D99B00ECBE0C /* TimeWeatherCell.xib in Resources */,
				CE3789102859F33800348403 /* AlertVC.xib in Resources */,
			);
			runOnlyForDeploymentPostprocessing = 0;
		};
/* End PBXResourcesBuildPhase section */

/* Begin PBXSourcesBuildPhase section */
		CE86E9592850AE4500992643 /* Sources */ = {
			isa = PBXSourcesBuildPhase;
			buildActionMask = 2147483647;
			files = (
				CEAC92AF2851C677002444AB /* SearchVC.swift in Sources */,
				CE86E9652850AE4500992643 /* ViewController.swift in Sources */,
				CEF711B828520E3E009A4B74 /* WeatherManager.swift in Sources */,
				CE37890F2859F33800348403 /* AlertVC.swift in Sources */,
				CE86E9612850AE4500992643 /* AppDelegate.swift in Sources */,
				CEF711BA285212B5009A4B74 /* ErrorMessage.swift in Sources */,
				CE5F3B252850DC9700ECBE0C /* DayWeatherCell.swift in Sources */,
				CE18628928535FC40053956D /* Int+Ext.swift in Sources */,
				CEF711C028523D7A009A4B74 /* Date+Ext.swift in Sources */,
				CEF711BD2852142F009A4B74 /* WeatherData.swift in Sources */,
				CEF711C2285240DC009A4B74 /* LocationManager.swift in Sources */,
				CE84A1E62855EFEE006FD521 /* UIViewController+Ext.swift in Sources */,
				CEAC92B22851D8BB002444AB /* AppColor.swift in Sources */,
				CE84A1DA2855C187006FD521 /* City.swift in Sources */,
				CE84A1D82855BF6A006FD521 /* PlaceSearchManager.swift in Sources */,
				CE86E9632850AE4500992643 /* SceneDelegate.swift in Sources */,
				CE84A1DF2855D28B006FD521 /* CitySearchCell.swift in Sources */,
				CE5F3B1F2850D99B00ECBE0C /* TimeWeatherCell.swift in Sources */,
			);
			runOnlyForDeploymentPostprocessing = 0;
		};
/* End PBXSourcesBuildPhase section */

/* Begin PBXVariantGroup section */
		CE378915285A032800348403 /* InfoPlist.strings */ = {
			isa = PBXVariantGroup;
			children = (
				CE378914285A032800348403 /* ru */,
				CE378916285A032A00348403 /* uk */,
			);
			name = InfoPlist.strings;
			sourceTree = "<group>";
		};
		CE37891B285A058D00348403 /* Localizable.strings */ = {
			isa = PBXVariantGroup;
			children = (
				CE37891A285A058D00348403 /* ru */,
				CE37891C285A058F00348403 /* en */,
				CE37891E285A0B2000348403 /* uk */,
			);
			name = Localizable.strings;
			sourceTree = "<group>";
		};
		CE86E9662850AE4500992643 /* Main.storyboard */ = {
			isa = PBXVariantGroup;
			children = (
				CE86E9672850AE4500992643 /* Base */,
				CE035FEF285872660078EB72 /* ru */,
				CE035FF0285874030078EB72 /* uk */,
			);
			name = Main.storyboard;
			sourceTree = "<group>";
		};
		CE86E96B2850AE4700992643 /* LaunchScreen.storyboard */ = {
			isa = PBXVariantGroup;
			children = (
				CE86E96C2850AE4700992643 /* Base */,
			);
			name = LaunchScreen.storyboard;
			sourceTree = "<group>";
		};
/* End PBXVariantGroup section */

/* Begin XCBuildConfiguration section */
		CE86E96F2850AE4700992643 /* Debug */ = {
			isa = XCBuildConfiguration;
			buildSettings = {
				ALWAYS_SEARCH_USER_PATHS = NO;
				CLANG_ANALYZER_LOCALIZABILITY_NONLOCALIZED = YES;
				CLANG_ANALYZER_NONNULL = YES;
				CLANG_ANALYZER_NUMBER_OBJECT_CONVERSION = YES_AGGRESSIVE;
				CLANG_CXX_LANGUAGE_STANDARD = "gnu++17";
				CLANG_ENABLE_MODULES = YES;
				CLANG_ENABLE_OBJC_ARC = YES;
				CLANG_ENABLE_OBJC_WEAK = YES;
				CLANG_WARN_BLOCK_CAPTURE_AUTORELEASING = YES;
				CLANG_WARN_BOOL_CONVERSION = YES;
				CLANG_WARN_COMMA = YES;
				CLANG_WARN_CONSTANT_CONVERSION = YES;
				CLANG_WARN_DEPRECATED_OBJC_IMPLEMENTATIONS = YES;
				CLANG_WARN_DIRECT_OBJC_ISA_USAGE = YES_ERROR;
				CLANG_WARN_DOCUMENTATION_COMMENTS = YES;
				CLANG_WARN_EMPTY_BODY = YES;
				CLANG_WARN_ENUM_CONVERSION = YES;
				CLANG_WARN_INFINITE_RECURSION = YES;
				CLANG_WARN_INT_CONVERSION = YES;
				CLANG_WARN_NON_LITERAL_NULL_CONVERSION = YES;
				CLANG_WARN_OBJC_IMPLICIT_RETAIN_SELF = YES;
				CLANG_WARN_OBJC_LITERAL_CONVERSION = YES;
				CLANG_WARN_OBJC_ROOT_CLASS = YES_ERROR;
				CLANG_WARN_QUOTED_INCLUDE_IN_FRAMEWORK_HEADER = YES;
				CLANG_WARN_RANGE_LOOP_ANALYSIS = YES;
				CLANG_WARN_STRICT_PROTOTYPES = YES;
				CLANG_WARN_SUSPICIOUS_MOVE = YES;
				CLANG_WARN_UNGUARDED_AVAILABILITY = YES_AGGRESSIVE;
				CLANG_WARN_UNREACHABLE_CODE = YES;
				CLANG_WARN__DUPLICATE_METHOD_MATCH = YES;
				COPY_PHASE_STRIP = NO;
				DEBUG_INFORMATION_FORMAT = dwarf;
				ENABLE_STRICT_OBJC_MSGSEND = YES;
				ENABLE_TESTABILITY = YES;
				GCC_C_LANGUAGE_STANDARD = gnu11;
				GCC_DYNAMIC_NO_PIC = NO;
				GCC_NO_COMMON_BLOCKS = YES;
				GCC_OPTIMIZATION_LEVEL = 0;
				GCC_PREPROCESSOR_DEFINITIONS = (
					"DEBUG=1",
					"$(inherited)",
				);
				GCC_WARN_64_TO_32_BIT_CONVERSION = YES;
				GCC_WARN_ABOUT_RETURN_TYPE = YES_ERROR;
				GCC_WARN_UNDECLARED_SELECTOR = YES;
				GCC_WARN_UNINITIALIZED_AUTOS = YES_AGGRESSIVE;
				GCC_WARN_UNUSED_FUNCTION = YES;
				GCC_WARN_UNUSED_VARIABLE = YES;
				IPHONEOS_DEPLOYMENT_TARGET = 15.0;
				MTL_ENABLE_DEBUG_INFO = INCLUDE_SOURCE;
				MTL_FAST_MATH = YES;
				ONLY_ACTIVE_ARCH = YES;
				SDKROOT = iphoneos;
				SWIFT_ACTIVE_COMPILATION_CONDITIONS = DEBUG;
				SWIFT_OPTIMIZATION_LEVEL = "-Onone";
			};
			name = Debug;
		};
		CE86E9702850AE4700992643 /* Release */ = {
			isa = XCBuildConfiguration;
			buildSettings = {
				ALWAYS_SEARCH_USER_PATHS = NO;
				CLANG_ANALYZER_LOCALIZABILITY_NONLOCALIZED = YES;
				CLANG_ANALYZER_NONNULL = YES;
				CLANG_ANALYZER_NUMBER_OBJECT_CONVERSION = YES_AGGRESSIVE;
				CLANG_CXX_LANGUAGE_STANDARD = "gnu++17";
				CLANG_ENABLE_MODULES = YES;
				CLANG_ENABLE_OBJC_ARC = YES;
				CLANG_ENABLE_OBJC_WEAK = YES;
				CLANG_WARN_BLOCK_CAPTURE_AUTORELEASING = YES;
				CLANG_WARN_BOOL_CONVERSION = YES;
				CLANG_WARN_COMMA = YES;
				CLANG_WARN_CONSTANT_CONVERSION = YES;
				CLANG_WARN_DEPRECATED_OBJC_IMPLEMENTATIONS = YES;
				CLANG_WARN_DIRECT_OBJC_ISA_USAGE = YES_ERROR;
				CLANG_WARN_DOCUMENTATION_COMMENTS = YES;
				CLANG_WARN_EMPTY_BODY = YES;
				CLANG_WARN_ENUM_CONVERSION = YES;
				CLANG_WARN_INFINITE_RECURSION = YES;
				CLANG_WARN_INT_CONVERSION = YES;
				CLANG_WARN_NON_LITERAL_NULL_CONVERSION = YES;
				CLANG_WARN_OBJC_IMPLICIT_RETAIN_SELF = YES;
				CLANG_WARN_OBJC_LITERAL_CONVERSION = YES;
				CLANG_WARN_OBJC_ROOT_CLASS = YES_ERROR;
				CLANG_WARN_QUOTED_INCLUDE_IN_FRAMEWORK_HEADER = YES;
				CLANG_WARN_RANGE_LOOP_ANALYSIS = YES;
				CLANG_WARN_STRICT_PROTOTYPES = YES;
				CLANG_WARN_SUSPICIOUS_MOVE = YES;
				CLANG_WARN_UNGUARDED_AVAILABILITY = YES_AGGRESSIVE;
				CLANG_WARN_UNREACHABLE_CODE = YES;
				CLANG_WARN__DUPLICATE_METHOD_MATCH = YES;
				COPY_PHASE_STRIP = NO;
				DEBUG_INFORMATION_FORMAT = "dwarf-with-dsym";
				ENABLE_NS_ASSERTIONS = NO;
				ENABLE_STRICT_OBJC_MSGSEND = YES;
				GCC_C_LANGUAGE_STANDARD = gnu11;
				GCC_NO_COMMON_BLOCKS = YES;
				GCC_WARN_64_TO_32_BIT_CONVERSION = YES;
				GCC_WARN_ABOUT_RETURN_TYPE = YES_ERROR;
				GCC_WARN_UNDECLARED_SELECTOR = YES;
				GCC_WARN_UNINITIALIZED_AUTOS = YES_AGGRESSIVE;
				GCC_WARN_UNUSED_FUNCTION = YES;
				GCC_WARN_UNUSED_VARIABLE = YES;
				IPHONEOS_DEPLOYMENT_TARGET = 15.0;
				MTL_ENABLE_DEBUG_INFO = NO;
				MTL_FAST_MATH = YES;
				SDKROOT = iphoneos;
				SWIFT_COMPILATION_MODE = wholemodule;
				SWIFT_OPTIMIZATION_LEVEL = "-O";
				VALIDATE_PRODUCT = YES;
			};
			name = Release;
		};
		CE86E9722850AE4700992643 /* Debug */ = {
			isa = XCBuildConfiguration;
			buildSettings = {
				ASSETCATALOG_COMPILER_APPICON_NAME = AppIcon;
				ASSETCATALOG_COMPILER_GLOBAL_ACCENT_COLOR_NAME = AccentColor;
				CODE_SIGN_STYLE = Automatic;
				CURRENT_PROJECT_VERSION = 1;
				DEVELOPMENT_TEAM = FC6QKWA93F;
				GENERATE_INFOPLIST_FILE = YES;
				INFOPLIST_FILE = Weather/Info.plist;
				INFOPLIST_KEY_UIApplicationSupportsIndirectInputEvents = YES;
				INFOPLIST_KEY_UILaunchStoryboardName = LaunchScreen;
				INFOPLIST_KEY_UIMainStoryboardFile = Main;
				INFOPLIST_KEY_UISupportedInterfaceOrientations = UIInterfaceOrientationPortrait;
				INFOPLIST_KEY_UISupportedInterfaceOrientations_iPad = "UIInterfaceOrientationPortrait UIInterfaceOrientationPortraitUpsideDown UIInterfaceOrientationLandscapeLeft UIInterfaceOrientationLandscapeRight";
				INFOPLIST_KEY_UISupportedInterfaceOrientations_iPhone = "UIInterfaceOrientationPortrait UIInterfaceOrientationLandscapeLeft UIInterfaceOrientationLandscapeRight";
				LD_RUNPATH_SEARCH_PATHS = (
					"$(inherited)",
					"@executable_path/Frameworks",
				);
				MARKETING_VERSION = 1.0;
				PRODUCT_BUNDLE_IDENTIFIER = me.swifter.Weather;
				PRODUCT_NAME = "$(TARGET_NAME)";
				SWIFT_EMIT_LOC_STRINGS = YES;
				SWIFT_VERSION = 5.0;
				TARGETED_DEVICE_FAMILY = "1,2";
			};
			name = Debug;
		};
		CE86E9732850AE4700992643 /* Release */ = {
			isa = XCBuildConfiguration;
			buildSettings = {
				ASSETCATALOG_COMPILER_APPICON_NAME = AppIcon;
				ASSETCATALOG_COMPILER_GLOBAL_ACCENT_COLOR_NAME = AccentColor;
				CODE_SIGN_STYLE = Automatic;
				CURRENT_PROJECT_VERSION = 1;
				DEVELOPMENT_TEAM = FC6QKWA93F;
				GENERATE_INFOPLIST_FILE = YES;
				INFOPLIST_FILE = Weather/Info.plist;
				INFOPLIST_KEY_UIApplicationSupportsIndirectInputEvents = YES;
				INFOPLIST_KEY_UILaunchStoryboardName = LaunchScreen;
				INFOPLIST_KEY_UIMainStoryboardFile = Main;
				INFOPLIST_KEY_UISupportedInterfaceOrientations = UIInterfaceOrientationPortrait;
				INFOPLIST_KEY_UISupportedInterfaceOrientations_iPad = "UIInterfaceOrientationPortrait UIInterfaceOrientationPortraitUpsideDown UIInterfaceOrientationLandscapeLeft UIInterfaceOrientationLandscapeRight";
				INFOPLIST_KEY_UISupportedInterfaceOrientations_iPhone = "UIInterfaceOrientationPortrait UIInterfaceOrientationLandscapeLeft UIInterfaceOrientationLandscapeRight";
				LD_RUNPATH_SEARCH_PATHS = (
					"$(inherited)",
					"@executable_path/Frameworks",
				);
				MARKETING_VERSION = 1.0;
				PRODUCT_BUNDLE_IDENTIFIER = me.swifter.Weather;
				PRODUCT_NAME = "$(TARGET_NAME)";
				SWIFT_EMIT_LOC_STRINGS = YES;
				SWIFT_VERSION = 5.0;
				TARGETED_DEVICE_FAMILY = "1,2";
			};
			name = Release;
		};
/* End XCBuildConfiguration section */

/* Begin XCConfigurationList section */
		CE86E9582850AE4500992643 /* Build configuration list for PBXProject "Weather" */ = {
			isa = XCConfigurationList;
			buildConfigurations = (
				CE86E96F2850AE4700992643 /* Debug */,
				CE86E9702850AE4700992643 /* Release */,
			);
			defaultConfigurationIsVisible = 0;
			defaultConfigurationName = Release;
		};
		CE86E9712850AE4700992643 /* Build configuration list for PBXNativeTarget "Weather" */ = {
			isa = XCConfigurationList;
			buildConfigurations = (
				CE86E9722850AE4700992643 /* Debug */,
				CE86E9732850AE4700992643 /* Release */,
			);
			defaultConfigurationIsVisible = 0;
			defaultConfigurationName = Release;
		};
/* End XCConfigurationList section */
	};
	rootObject = CE86E9552850AE4500992643 /* Project object */;
}
